
Microsoft Visual Studio Solution File, Format Version 11.00
# Visual Studio 2010
Project("{FAE04EC0-301F-11D3-BF4B-00C04F79EFBC}") = "BehaviorTest", "BehaviorTest\BehaviorTest.csproj", "{D5F711E5-FE20-488C-B325-BF04C44E6452}"
EndProject
Project("{FAE04EC0-301F-11D3-BF4B-00C04F79EFBC}") = "CustomBehaviorsLibrary", "CustomBehaviorsLibrary\CustomBehaviorsLibrary.csproj", "{4BE202ED-1039-4C7F-A09D-BA99B5786760}"
EndProject
Global
	GlobalSection(SolutionConfigurationPlatforms) = preSolution
		Debug|Any CPU = Debug|Any CPU
		Debug|Mixed Platforms = Debug|Mixed Platforms
		Debug|x86 = Debug|x86
		Release|Any CPU = Release|Any CPU
		Release|Mixed Platforms = Release|Mixed Platforms
		Release|x86 = Release|x86
	EndGlobalSection
	GlobalSection(ProjectConfigurationPlatforms) = postSolution
		{D5F711E5-FE20-488C-B325-BF04C44E6452}.Debug|Any CPU.ActiveCfg = Debug|x86
		{D5F711E5-FE20-488C-B325-BF04C44E6452}.Debug|Mixed Platforms.ActiveCfg = Debug|x86
		{D5F711E5-FE20-488C-B325-BF04C44E6452}.Debug|Mixed Platforms.Build.0 = Debug|x86
		{D5F711E5-FE20-488C-B325-BF04C44E6452}.Debug|x86.ActiveCfg = Debug|x86
		{D5F711E5-FE20-488C-B325-BF04C44E6452}.Debug|x86.Build.0 = Debug|x86
		{D5F711E5-FE20-488C-B325-BF04C44E6452}.Release|Any CPU.ActiveCfg = Release|x86
		{D5F711E5-FE20-488C-B325-BF04C44E6452}.Release|Mixed Platforms.ActiveCfg = Release|x86
		{D5F711E5-FE20-488C-B325-BF04C44E6452}.Release|Mixed Platforms.Build.0 = Release|x86
		{D5F711E5-FE20-488C-B325-BF04C44E6452}.Release|x86.ActiveCfg = Release|x86
		{D5F711E5-FE20-488C-B325-BF04C44E6452}.Release|x86.Build.0 = Release|x86
		{4BE202ED-1039-4C7F-A09D-BA99B5786760}.Debug|Any CPU.ActiveCfg = Debug|Any CPU
		{4BE202ED-1039-4C7F-A09D-BA99B5786760}.Debug|Any CPU.Build.0 = Debug|Any CPU
		{4BE202ED-1039-4C7F-A09D-BA99B5786760}.Debug|Mixed Platforms.ActiveCfg = Debug|Any CPU
		{4BE202ED-1039-4C7F-A09D-BA99B5786760}.Debug|Mixed Platforms.Build.0 = Debug|Any CPU
		{4BE202ED-1039-4C7F-A09D-BA99B5786760}.Debug|x86.ActiveCfg = Debug|Any CPU
		{4BE202ED-1039-4C7F-A09D-BA99B5786760}.Release|Any CPU.ActiveCfg = Release|Any CPU
		{4BE202ED-1039-4C7F-A09D-BA99B5786760}.Release|Any CPU.Build.0 = Release|Any CPU
		{4BE202ED-1039-4C7F-A09D-BA99B5786760}.Release|Mixed Platforms.ActiveCfg = Release|Any CPU
		{4BE202ED-1039-4C7F-A09D-BA99B5786760}.Release|Mixed Platforms.Build.0 = Release|Any CPU
		{4BE202ED-1039-4C7F-A09D-BA99B5786760}.Release|x86.ActiveCfg = Release|Any CPU
	EndGlobalSection
	GlobalSection(SolutionProperties) = preSolution
		HideSolutionNode = FALSE
	EndGlobalSection
EndGlobal
