
Microsoft Visual Studio Solution File, Format Version 11.00
# Visual Studio 2010
Project("{FAE04EC0-301F-11D3-BF4B-00C04F79EFBC}") = "Commands", "Commands.csproj", "{CEE8C1A6-52D5-4BF4-8BDE-8140101BB646}"
EndProject
Global
	GlobalSection(SolutionConfigurationPlatforms) = preSolution
		Debug|Any CPU = Debug|Any CPU
		Release|Any CPU = Release|Any CPU
	EndGlobalSection
	GlobalSection(ProjectConfigurationPlatforms) = postSolution
		{CEE8C1A6-52D5-4BF4-8BDE-8140101BB646}.Debug|Any CPU.ActiveCfg = Debug|Any CPU
		{CEE8C1A6-52D5-4BF4-8BDE-8140101BB646}.Debug|Any CPU.Build.0 = Debug|Any CPU
		{CEE8C1A6-52D5-4BF4-8BDE-8140101BB646}.Release|Any CPU.ActiveCfg = Release|Any CPU
		{CEE8C1A6-52D5-4BF4-8BDE-8140101BB646}.Release|Any CPU.Build.0 = Release|Any CPU
	EndGlobalSection
	GlobalSection(SolutionProperties) = preSolution
		HideSolutionNode = FALSE
	EndGlobalSection
EndGlobal
