
Microsoft Visual Studio Solution File, Format Version 11.00
# Visual Studio 2010
Project("{FAE04EC0-301F-11D3-BF4B-00C04F79EFBC}") = "CustomControls", "CustomControls\CustomControls.csproj", "{98A994BA-5A6D-4E1B-BDF4-C1662C99CB1A}"
EndProject
Project("{FAE04EC0-301F-11D3-BF4B-00C04F79EFBC}") = "CustomControlsClient", "CustomControlsClient\CustomControlsClient.csproj", "{6E16DE9C-E4CD-4E4F-9057-759880D82D19}"
EndProject
Global
	GlobalSection(SolutionConfigurationPlatforms) = preSolution
		Debug|Any CPU = Debug|Any CPU
		Release|Any CPU = Release|Any CPU
	EndGlobalSection
	GlobalSection(ProjectConfigurationPlatforms) = postSolution
		{98A994BA-5A6D-4E1B-BDF4-C1662C99CB1A}.Debug|Any CPU.ActiveCfg = Debug|Any CPU
		{98A994BA-5A6D-4E1B-BDF4-C1662C99CB1A}.Debug|Any CPU.Build.0 = Debug|Any CPU
		{98A994BA-5A6D-4E1B-BDF4-C1662C99CB1A}.Release|Any CPU.ActiveCfg = Release|Any CPU
		{98A994BA-5A6D-4E1B-BDF4-C1662C99CB1A}.Release|Any CPU.Build.0 = Release|Any CPU
		{6E16DE9C-E4CD-4E4F-9057-759880D82D19}.Debug|Any CPU.ActiveCfg = Debug|Any CPU
		{6E16DE9C-E4CD-4E4F-9057-759880D82D19}.Debug|Any CPU.Build.0 = Debug|Any CPU
		{6E16DE9C-E4CD-4E4F-9057-759880D82D19}.Release|Any CPU.ActiveCfg = Release|Any CPU
		{6E16DE9C-E4CD-4E4F-9057-759880D82D19}.Release|Any CPU.Build.0 = Release|Any CPU
	EndGlobalSection
	GlobalSection(SolutionProperties) = preSolution
		HideSolutionNode = FALSE
	EndGlobalSection
EndGlobal
