
Microsoft Visual Studio Solution File, Format Version 11.00
# Visual Studio 2010
Project("{FAE04EC0-301F-11D3-BF4B-00C04F79EFBC}") = "LayoutPanels", "LayoutPanels.csproj", "{9C2EE061-1D03-4EA5-BCB3-479EED3B2F22}"
EndProject
Global
	GlobalSection(SolutionConfigurationPlatforms) = preSolution
		Debug|Any CPU = Debug|Any CPU
		Release|Any CPU = Release|Any CPU
	EndGlobalSection
	GlobalSection(ProjectConfigurationPlatforms) = postSolution
		{9C2EE061-1D03-4EA5-BCB3-479EED3B2F22}.Debug|Any CPU.ActiveCfg = Debug|Any CPU
		{9C2EE061-1D03-4EA5-BCB3-479EED3B2F22}.Debug|Any CPU.Build.0 = Debug|Any CPU
		{9C2EE061-1D03-4EA5-BCB3-479EED3B2F22}.Release|Any CPU.ActiveCfg = Release|Any CPU
		{9C2EE061-1D03-4EA5-BCB3-479EED3B2F22}.Release|Any CPU.Build.0 = Release|Any CPU
	EndGlobalSection
	GlobalSection(SolutionProperties) = preSolution
		HideSolutionNode = FALSE
	EndGlobalSection
EndGlobal
