
Microsoft Visual Studio Solution File, Format Version 11.00
# Visual Studio 2010
Project("{FAE04EC0-301F-11D3-BF4B-00C04F79EFBC}") = "Animation", "Animation.csproj", "{95199D85-C6ED-4C74-8B3E-CE96DB497A90}"
EndProject
Global
	GlobalSection(SolutionConfigurationPlatforms) = preSolution
		Debug|Any CPU = Debug|Any CPU
		Release|Any CPU = Release|Any CPU
	EndGlobalSection
	GlobalSection(ProjectConfigurationPlatforms) = postSolution
		{95199D85-C6ED-4C74-8B3E-CE96DB497A90}.Debug|Any CPU.ActiveCfg = Debug|Any CPU
		{95199D85-C6ED-4C74-8B3E-CE96DB497A90}.Debug|Any CPU.Build.0 = Debug|Any CPU
		{95199D85-C6ED-4C74-8B3E-CE96DB497A90}.Release|Any CPU.ActiveCfg = Release|Any CPU
		{95199D85-C6ED-4C74-8B3E-CE96DB497A90}.Release|Any CPU.Build.0 = Release|Any CPU
	EndGlobalSection
	GlobalSection(SolutionProperties) = preSolution
		HideSolutionNode = FALSE
	EndGlobalSection
EndGlobal
