
Microsoft Visual Studio Solution File, Format Version 11.00
# Visual Studio 2010
Project("{FAE04EC0-301F-11D3-BF4B-00C04F79EFBC}") = "DataBinding", "DataBinding.csproj", "{5A23CBD0-ED5F-4838-81FA-F3E582EFAF98}"
EndProject
Global
	GlobalSection(SolutionConfigurationPlatforms) = preSolution
		Debug|Any CPU = Debug|Any CPU
		Release|Any CPU = Release|Any CPU
	EndGlobalSection
	GlobalSection(ProjectConfigurationPlatforms) = postSolution
		{5A23CBD0-ED5F-4838-81FA-F3E582EFAF98}.Debug|Any CPU.ActiveCfg = Debug|Any CPU
		{5A23CBD0-ED5F-4838-81FA-F3E582EFAF98}.Debug|Any CPU.Build.0 = Debug|Any CPU
		{5A23CBD0-ED5F-4838-81FA-F3E582EFAF98}.Release|Any CPU.ActiveCfg = Release|Any CPU
		{5A23CBD0-ED5F-4838-81FA-F3E582EFAF98}.Release|Any CPU.Build.0 = Release|Any CPU
	EndGlobalSection
	GlobalSection(SolutionProperties) = preSolution
		HideSolutionNode = FALSE
	EndGlobalSection
EndGlobal
