
Microsoft Visual Studio Solution File, Format Version 11.00
# Visual Studio 2010
Project("{FAE04EC0-301F-11D3-BF4B-00C04F79EFBC}") = "Resources", "Resources\Resources.csproj", "{03868746-F630-49BA-998F-27B96A3F948A}"
EndProject
Project("{FAE04EC0-301F-11D3-BF4B-00C04F79EFBC}") = "ResourceLibrary", "ResourceLibrary\ResourceLibrary.csproj", "{6703377C-C1F6-42C0-A6B6-F6A97B2976B8}"
EndProject
Global
	GlobalSection(SolutionConfigurationPlatforms) = preSolution
		Debug|Any CPU = Debug|Any CPU
		Release|Any CPU = Release|Any CPU
	EndGlobalSection
	GlobalSection(ProjectConfigurationPlatforms) = postSolution
		{03868746-F630-49BA-998F-27B96A3F948A}.Debug|Any CPU.ActiveCfg = Debug|Any CPU
		{03868746-F630-49BA-998F-27B96A3F948A}.Debug|Any CPU.Build.0 = Debug|Any CPU
		{03868746-F630-49BA-998F-27B96A3F948A}.Release|Any CPU.ActiveCfg = Release|Any CPU
		{03868746-F630-49BA-998F-27B96A3F948A}.Release|Any CPU.Build.0 = Release|Any CPU
		{6703377C-C1F6-42C0-A6B6-F6A97B2976B8}.Debug|Any CPU.ActiveCfg = Debug|Any CPU
		{6703377C-C1F6-42C0-A6B6-F6A97B2976B8}.Debug|Any CPU.Build.0 = Debug|Any CPU
		{6703377C-C1F6-42C0-A6B6-F6A97B2976B8}.Release|Any CPU.ActiveCfg = Release|Any CPU
		{6703377C-C1F6-42C0-A6B6-F6A97B2976B8}.Release|Any CPU.Build.0 = Release|Any CPU
	EndGlobalSection
	GlobalSection(SolutionProperties) = preSolution
		HideSolutionNode = FALSE
	EndGlobalSection
EndGlobal
